
Microsoft Visual Studio Solution File, Format Version 12.00
# Visual Studio 2013
VisualStudioVersion = 12.0.31101.0
MinimumVisualStudioVersion = 10.0.40219.1
Project("{FAE04EC0-301F-11D3-BF4B-00C04F79EFBC}") = "BinaryTree", "BinaryTree\BinaryTree.csproj", "{48029ACB-7B8F-4ED2-A388-3119940A3EAC}"
EndProject
Project("{FAE04EC0-301F-11D3-BF4B-00C04F79EFBC}") = "BinaryTreeTest", "BinaryTreeTest\BinaryTreeTest.csproj", "{9F9410B4-E368-4F09-BC7F-534F2BC1F2FC}"
EndProject
Global
	GlobalSection(SolutionConfigurationPlatforms) = preSolution
		Debug|Any CPU = Debug|Any CPU
		Release|Any CPU = Release|Any CPU
	EndGlobalSection
	GlobalSection(ProjectConfigurationPlatforms) = postSolution
		{48029ACB-7B8F-4ED2-A388-3119940A3EAC}.Debug|Any CPU.ActiveCfg = Debug|Any CPU
		{48029ACB-7B8F-4ED2-A388-3119940A3EAC}.Debug|Any CPU.Build.0 = Debug|Any CPU
		{48029ACB-7B8F-4ED2-A388-3119940A3EAC}.Release|Any CPU.ActiveCfg = Release|Any CPU
		{48029ACB-7B8F-4ED2-A388-3119940A3EAC}.Release|Any CPU.Build.0 = Release|Any CPU
		{9F9410B4-E368-4F09-BC7F-534F2BC1F2FC}.Debug|Any CPU.ActiveCfg = Debug|Any CPU
		{9F9410B4-E368-4F09-BC7F-534F2BC1F2FC}.Debug|Any CPU.Build.0 = Debug|Any CPU
		{9F9410B4-E368-4F09-BC7F-534F2BC1F2FC}.Release|Any CPU.ActiveCfg = Release|Any CPU
		{9F9410B4-E368-4F09-BC7F-534F2BC1F2FC}.Release|Any CPU.Build.0 = Release|Any CPU
	EndGlobalSection
	GlobalSection(SolutionProperties) = preSolution
		HideSolutionNode = FALSE
	EndGlobalSection
EndGlobal
